// !$*UTF8*$!
{
	archiveVersion = 1;
	classes = {
	};
	objectVersion = 46;
	objects = {

/* Begin PBXBuildFile section */
		04E4FCA51E7502AF002315EF /* FeedViewCell.swift in Sources */ = {isa = PBXBuildFile; fileRef = 04E4FCA41E7502AF002315EF /* FeedViewCell.swift */; };
		04E4FCB11E750F4F002315EF /* Tweet.swift in Sources */ = {isa = PBXBuildFile; fileRef = 04E4FCB01E750F4F002315EF /* Tweet.swift */; };
		04E4FCB31E750F8F002315EF /* User.swift in Sources */ = {isa = PBXBuildFile; fileRef = 04E4FCB21E750F8F002315EF /* User.swift */; };
		04E4FCB51E7570B5002315EF /* DetailFeedViewController.swift in Sources */ = {isa = PBXBuildFile; fileRef = 04E4FCB41E7570B5002315EF /* DetailFeedViewController.swift */; };
		22C1D8D08DB094D41A4015AC /* Pods_myTwitter.framework in Frameworks */ = {isa = PBXBuildFile; fileRef = 55DF89C88626C4C2AB579326 /* Pods_myTwitter.framework */; };
		84240B0A1E73CD7500F84A74 /* AppDelegate.swift in Sources */ = {isa = PBXBuildFile; fileRef = 84240B091E73CD7500F84A74 /* AppDelegate.swift */; };
		84240B0F1E73CD7500F84A74 /* Main.storyboard in Resources */ = {isa = PBXBuildFile; fileRef = 84240B0D1E73CD7500F84A74 /* Main.storyboard */; };
		84240B111E73CD7500F84A74 /* Assets.xcassets in Resources */ = {isa = PBXBuildFile; fileRef = 84240B101E73CD7500F84A74 /* Assets.xcassets */; };
		84240B141E73CD7500F84A74 /* LaunchScreen.storyboard in Resources */ = {isa = PBXBuildFile; fileRef = 84240B121E73CD7500F84A74 /* LaunchScreen.storyboard */; };
		84817D1B1E73D3D40098ABDA /* LoginViewController.swift in Sources */ = {isa = PBXBuildFile; fileRef = 84817D1A1E73D3D40098ABDA /* LoginViewController.swift */; };
		84817D1D1E73D5D40098ABDA /* TwitterClient.swift in Sources */ = {isa = PBXBuildFile; fileRef = 84817D1C1E73D5D40098ABDA /* TwitterClient.swift */; };
		84817D1F1E73FAED0098ABDA /* FeedListViewController.swift in Sources */ = {isa = PBXBuildFile; fileRef = 84817D1E1E73FAED0098ABDA /* FeedListViewController.swift */; };
		84831D4D1E7655D200228B6B /* NewTweetViewController.swift in Sources */ = {isa = PBXBuildFile; fileRef = 84831D4C1E7655D200228B6B /* NewTweetViewController.swift */; };
/* End PBXBuildFile section */

/* Begin PBXFileReference section */
		04E4FCA41E7502AF002315EF /* FeedViewCell.swift */ = {isa = PBXFileReference; fileEncoding = 4; lastKnownFileType = sourcecode.swift; path = FeedViewCell.swift; sourceTree = "<group>"; };
		04E4FCB01E750F4F002315EF /* Tweet.swift */ = {isa = PBXFileReference; fileEncoding = 4; lastKnownFileType = sourcecode.swift; path = Tweet.swift; sourceTree = "<group>"; };
		04E4FCB21E750F8F002315EF /* User.swift */ = {isa = PBXFileReference; fileEncoding = 4; lastKnownFileType = sourcecode.swift; path = User.swift; sourceTree = "<group>"; };
		04E4FCB41E7570B5002315EF /* DetailFeedViewController.swift */ = {isa = PBXFileReference; fileEncoding = 4; lastKnownFileType = sourcecode.swift; path = DetailFeedViewController.swift; sourceTree = "<group>"; };
		2FDB97DD16F9149CC2B027E8 /* Pods-myTwitter.debug.xcconfig */ = {isa = PBXFileReference; includeInIndex = 1; lastKnownFileType = text.xcconfig; name = "Pods-myTwitter.debug.xcconfig"; path = "Pods/Target Support Files/Pods-myTwitter/Pods-myTwitter.debug.xcconfig"; sourceTree = "<group>"; };
		55DF89C88626C4C2AB579326 /* Pods_myTwitter.framework */ = {isa = PBXFileReference; explicitFileType = wrapper.framework; includeInIndex = 0; path = Pods_myTwitter.framework; sourceTree = BUILT_PRODUCTS_DIR; };
		643AF37F9328C84B0345D471 /* Pods-myTwitter.release.xcconfig */ = {isa = PBXFileReference; includeInIndex = 1; lastKnownFileType = text.xcconfig; name = "Pods-myTwitter.release.xcconfig"; path = "Pods/Target Support Files/Pods-myTwitter/Pods-myTwitter.release.xcconfig"; sourceTree = "<group>"; };
		84240B061E73CD7500F84A74 /* myTwitter.app */ = {isa = PBXFileReference; explicitFileType = wrapper.application; includeInIndex = 0; path = myTwitter.app; sourceTree = BUILT_PRODUCTS_DIR; };
		84240B091E73CD7500F84A74 /* AppDelegate.swift */ = {isa = PBXFileReference; lastKnownFileType = sourcecode.swift; path = AppDelegate.swift; sourceTree = "<group>"; };
		84240B0E1E73CD7500F84A74 /* Base */ = {isa = PBXFileReference; lastKnownFileType = file.storyboard; name = Base; path = Base.lproj/Main.storyboard; sourceTree = "<group>"; };
		84240B101E73CD7500F84A74 /* Assets.xcassets */ = {isa = PBXFileReference; lastKnownFileType = folder.assetcatalog; path = Assets.xcassets; sourceTree = "<group>"; };
		84240B131E73CD7500F84A74 /* Base */ = {isa = PBXFileReference; lastKnownFileType = file.storyboard; name = Base; path = Base.lproj/LaunchScreen.storyboard; sourceTree = "<group>"; };
		84240B151E73CD7500F84A74 /* Info.plist */ = {isa = PBXFileReference; lastKnownFileType = text.plist.xml; path = Info.plist; sourceTree = "<group>"; };
		84817D1A1E73D3D40098ABDA /* LoginViewController.swift */ = {isa = PBXFileReference; fileEncoding = 4; lastKnownFileType = sourcecode.swift; path = LoginViewController.swift; sourceTree = "<group>"; };
		84817D1C1E73D5D40098ABDA /* TwitterClient.swift */ = {isa = PBXFileReference; fileEncoding = 4; lastKnownFileType = sourcecode.swift; path = TwitterClient.swift; sourceTree = "<group>"; };
		84817D1E1E73FAED0098ABDA /* FeedListViewController.swift */ = {isa = PBXFileReference; fileEncoding = 4; lastKnownFileType = sourcecode.swift; path = FeedListViewController.swift; sourceTree = "<group>"; };
		84831D4C1E7655D200228B6B /* NewTweetViewController.swift */ = {isa = PBXFileReference; fileEncoding = 4; lastKnownFileType = sourcecode.swift; path = NewTweetViewController.swift; sourceTree = "<group>"; };
/* End PBXFileReference section */

/* Begin PBXFrameworksBuildPhase section */
		84240B031E73CD7500F84A74 /* Frameworks */ = {
			isa = PBXFrameworksBuildPhase;
			buildActionMask = 2147483647;
			files = (
				22C1D8D08DB094D41A4015AC /* Pods_myTwitter.framework in Frameworks */,
			);
			runOnlyForDeploymentPostprocessing = 0;
		};
/* End PBXFrameworksBuildPhase section */

/* Begin PBXGroup section */
		3BF960073811816AFE0294A5 /* Pods */ = {
			isa = PBXGroup;
			children = (
				2FDB97DD16F9149CC2B027E8 /* Pods-myTwitter.debug.xcconfig */,
				643AF37F9328C84B0345D471 /* Pods-myTwitter.release.xcconfig */,
			);
			name = Pods;
			sourceTree = "<group>";
		};
		84240AFD1E73CD7400F84A74 = {
			isa = PBXGroup;
			children = (
				84240B081E73CD7500F84A74 /* myTwitter */,
				84240B071E73CD7500F84A74 /* Products */,
				3BF960073811816AFE0294A5 /* Pods */,
				E9ADA16847396B22A40E734D /* Frameworks */,
			);
			sourceTree = "<group>";
		};
		84240B071E73CD7500F84A74 /* Products */ = {
			isa = PBXGroup;
			children = (
				84240B061E73CD7500F84A74 /* myTwitter.app */,
			);
			name = Products;
			sourceTree = "<group>";
		};
		84240B081E73CD7500F84A74 /* myTwitter */ = {
			isa = PBXGroup;
			children = (
				84817D1C1E73D5D40098ABDA /* TwitterClient.swift */,
				84831D501E76560700228B6B /* Model */,
				84831D4F1E7655F300228B6B /* ViewController */,
				84240B091E73CD7500F84A74 /* AppDelegate.swift */,
				84240B0D1E73CD7500F84A74 /* Main.storyboard */,
				84240B101E73CD7500F84A74 /* Assets.xcassets */,
				84240B121E73CD7500F84A74 /* LaunchScreen.storyboard */,
				84240B151E73CD7500F84A74 /* Info.plist */,
			);
			path = myTwitter;
			sourceTree = "<group>";
		};
		84831D4F1E7655F300228B6B /* ViewController */ = {
			isa = PBXGroup;
			children = (
				04E4FCA41E7502AF002315EF /* FeedViewCell.swift */,
				84817D1A1E73D3D40098ABDA /* LoginViewController.swift */,
				84817D1E1E73FAED0098ABDA /* FeedListViewController.swift */,
				04E4FCB41E7570B5002315EF /* DetailFeedViewController.swift */,
				84831D4C1E7655D200228B6B /* NewTweetViewController.swift */,
			);
			name = ViewController;
			sourceTree = "<group>";
		};
		84831D501E76560700228B6B /* Model */ = {
			isa = PBXGroup;
			children = (
				04E4FCB21E750F8F002315EF /* User.swift */,
				04E4FCB01E750F4F002315EF /* Tweet.swift */,
			);
			name = Model;
			sourceTree = "<group>";
		};
		E9ADA16847396B22A40E734D /* Frameworks */ = {
			isa = PBXGroup;
			children = (
				55DF89C88626C4C2AB579326 /* Pods_myTwitter.framework */,
			);
			name = Frameworks;
			sourceTree = "<group>";
		};
/* End PBXGroup section */

/* Begin PBXNativeTarget section */
		84240B051E73CD7500F84A74 /* myTwitter */ = {
			isa = PBXNativeTarget;
			buildConfigurationList = 84240B181E73CD7500F84A74 /* Build configuration list for PBXNativeTarget "myTwitter" */;
			buildPhases = (
				503837203B76258A140C2284 /* [CP] Check Pods Manifest.lock */,
				84240B021E73CD7500F84A74 /* Sources */,
				84240B031E73CD7500F84A74 /* Frameworks */,
				84240B041E73CD7500F84A74 /* Resources */,
				AEAB4A2DDFF4AB9042A86550 /* [CP] Embed Pods Frameworks */,
				E26D25DDAC41138FEE3620EE /* [CP] Copy Pods Resources */,
			);
			buildRules = (
			);
			dependencies = (
			);
			name = myTwitter;
			productName = myTwitter;
			productReference = 84240B061E73CD7500F84A74 /* myTwitter.app */;
			productType = "com.apple.product-type.application";
		};
/* End PBXNativeTarget section */

/* Begin PBXProject section */
		84240AFE1E73CD7500F84A74 /* Project object */ = {
			isa = PBXProject;
			attributes = {
				LastSwiftUpdateCheck = 0820;
				LastUpgradeCheck = 0820;
				ORGANIZATIONNAME = anhtd;
				TargetAttributes = {
					84240B051E73CD7500F84A74 = {
						CreatedOnToolsVersion = 8.2.1;
						DevelopmentTeam = JZUDW95R44;
						ProvisioningStyle = Automatic;
					};
				};
			};
			buildConfigurationList = 84240B011E73CD7500F84A74 /* Build configuration list for PBXProject "myTwitter" */;
			compatibilityVersion = "Xcode 3.2";
			developmentRegion = English;
			hasScannedForEncodings = 0;
			knownRegions = (
				en,
				Base,
			);
			mainGroup = 84240AFD1E73CD7400F84A74;
			productRefGroup = 84240B071E73CD7500F84A74 /* Products */;
			projectDirPath = "";
			projectRoot = "";
			targets = (
				84240B051E73CD7500F84A74 /* myTwitter */,
			);
		};
/* End PBXProject section */

/* Begin PBXResourcesBuildPhase section */
		84240B041E73CD7500F84A74 /* Resources */ = {
			isa = PBXResourcesBuildPhase;
			buildActionMask = 2147483647;
			files = (
				84240B141E73CD7500F84A74 /* LaunchScreen.storyboard in Resources */,
				84240B111E73CD7500F84A74 /* Assets.xcassets in Resources */,
				84240B0F1E73CD7500F84A74 /* Main.storyboard in Resources */,
			);
			runOnlyForDeploymentPostprocessing = 0;
		};
/* End PBXResourcesBuildPhase section */

/* Begin PBXShellScriptBuildPhase section */
		503837203B76258A140C2284 /* [CP] Check Pods Manifest.lock */ = {
			isa = PBXShellScriptBuildPhase;
			buildActionMask = 2147483647;
			files = (
			);
			inputPaths = (
			);
			name = "[CP] Check Pods Manifest.lock";
			outputPaths = (
			);
			runOnlyForDeploymentPostprocessing = 0;
			shellPath = /bin/sh;
			shellScript = "diff \"${PODS_ROOT}/../Podfile.lock\" \"${PODS_ROOT}/Manifest.lock\" > /dev/null\nif [ $? != 0 ] ; then\n    # print error to STDERR\n    echo \"error: The sandbox is not in sync with the Podfile.lock. Run 'pod install' or update your CocoaPods installation.\" >&2\n    exit 1\nfi\n";
			showEnvVarsInLog = 0;
		};
		AEAB4A2DDFF4AB9042A86550 /* [CP] Embed Pods Frameworks */ = {
			isa = PBXShellScriptBuildPhase;
			buildActionMask = 2147483647;
			files = (
			);
			inputPaths = (
			);
			name = "[CP] Embed Pods Frameworks";
			outputPaths = (
			);
			runOnlyForDeploymentPostprocessing = 0;
			shellPath = /bin/sh;
			shellScript = "\"${SRCROOT}/Pods/Target Support Files/Pods-myTwitter/Pods-myTwitter-frameworks.sh\"\n";
			showEnvVarsInLog = 0;
		};
		E26D25DDAC41138FEE3620EE /* [CP] Copy Pods Resources */ = {
			isa = PBXShellScriptBuildPhase;
			buildActionMask = 2147483647;
			files = (
			);
			inputPaths = (
			);
			name = "[CP] Copy Pods Resources";
			outputPaths = (
			);
			runOnlyForDeploymentPostprocessing = 0;
			shellPath = /bin/sh;
			shellScript = "\"${SRCROOT}/Pods/Target Support Files/Pods-myTwitter/Pods-myTwitter-resources.sh\"\n";
			showEnvVarsInLog = 0;
		};
/* End PBXShellScriptBuildPhase section */

/* Begin PBXSourcesBuildPhase section */
		84240B021E73CD7500F84A74 /* Sources */ = {
			isa = PBXSourcesBuildPhase;
			buildActionMask = 2147483647;
			files = (
				84817D1B1E73D3D40098ABDA /* LoginViewController.swift in Sources */,
				84817D1D1E73D5D40098ABDA /* TwitterClient.swift in Sources */,
				04E4FCA51E7502AF002315EF /* FeedViewCell.swift in Sources */,
				04E4FCB11E750F4F002315EF /* Tweet.swift in Sources */,
				84817D1F1E73FAED0098ABDA /* FeedListViewController.swift in Sources */,
				84240B0A1E73CD7500F84A74 /* AppDelegate.swift in Sources */,
				04E4FCB31E750F8F002315EF /* User.swift in Sources */,
				84831D4D1E7655D200228B6B /* NewTweetViewController.swift in Sources */,
				04E4FCB51E7570B5002315EF /* DetailFeedViewController.swift in Sources */,
			);
			runOnlyForDeploymentPostprocessing = 0;
		};
/* End PBXSourcesBuildPhase section */

/* Begin PBXVariantGroup section */
		84240B0D1E73CD7500F84A74 /* Main.storyboard */ = {
			isa = PBXVariantGroup;
			children = (
				84240B0E1E73CD7500F84A74 /* Base */,
			);
			name = Main.storyboard;
			sourceTree = "<group>";
		};
		84240B121E73CD7500F84A74 /* LaunchScreen.storyboard */ = {
			isa = PBXVariantGroup;
			children = (
				84240B131E73CD7500F84A74 /* Base */,
			);
			name = LaunchScreen.storyboard;
			sourceTree = "<group>";
		};
/* End PBXVariantGroup section */

/* Begin XCBuildConfiguration section */
		84240B161E73CD7500F84A74 /* Debug */ = {
			isa = XCBuildConfiguration;
			buildSettings = {
				ALWAYS_SEARCH_USER_PATHS = NO;
				CLANG_ANALYZER_NONNULL = YES;
				CLANG_CXX_LANGUAGE_STANDARD = "gnu++0x";
				CLANG_CXX_LIBRARY = "libc++";
				CLANG_ENABLE_MODULES = YES;
				CLANG_ENABLE_OBJC_ARC = YES;
				CLANG_WARN_BOOL_CONVERSION = YES;
				CLANG_WARN_CONSTANT_CONVERSION = YES;
				CLANG_WARN_DIRECT_OBJC_ISA_USAGE = YES_ERROR;
				CLANG_WARN_DOCUMENTATION_COMMENTS = YES;
				CLANG_WARN_EMPTY_BODY = YES;
				CLANG_WARN_ENUM_CONVERSION = YES;
				CLANG_WARN_INFINITE_RECURSION = YES;
				CLANG_WARN_INT_CONVERSION = YES;
				CLANG_WARN_OBJC_ROOT_CLASS = YES_ERROR;
				CLANG_WARN_SUSPICIOUS_MOVE = YES;
				CLANG_WARN_UNREACHABLE_CODE = YES;
				CLANG_WARN__DUPLICATE_METHOD_MATCH = YES;
				"CODE_SIGN_IDENTITY[sdk=iphoneos*]" = "iPhone Developer";
				COPY_PHASE_STRIP = NO;
				DEBUG_INFORMATION_FORMAT = dwarf;
				ENABLE_STRICT_OBJC_MSGSEND = YES;
				ENABLE_TESTABILITY = YES;
				GCC_C_LANGUAGE_STANDARD = gnu99;
				GCC_DYNAMIC_NO_PIC = NO;
				GCC_NO_COMMON_BLOCKS = YES;
				GCC_OPTIMIZATION_LEVEL = 0;
				GCC_PREPROCESSOR_DEFINITIONS = (
					"DEBUG=1",
					"$(inherited)",
				);
				GCC_WARN_64_TO_32_BIT_CONVERSION = YES;
				GCC_WARN_ABOUT_RETURN_TYPE = YES_ERROR;
				GCC_WARN_UNDECLARED_SELECTOR = YES;
				GCC_WARN_UNINITIALIZED_AUTOS = YES_AGGRESSIVE;
				GCC_WARN_UNUSED_FUNCTION = YES;
				GCC_WARN_UNUSED_VARIABLE = YES;
				IPHONEOS_DEPLOYMENT_TARGET = 10.2;
				MTL_ENABLE_DEBUG_INFO = YES;
				ONLY_ACTIVE_ARCH = YES;
				SDKROOT = iphoneos;
				SWIFT_ACTIVE_COMPILATION_CONDITIONS = DEBUG;
				SWIFT_OPTIMIZATION_LEVEL = "-Onone";
				TARGETED_DEVICE_FAMILY = "1,2";
			};
			name = Debug;
		};
		84240B171E73CD7500F84A74 /* Release */ = {
			isa = XCBuildConfiguration;
			buildSettings = {
				ALWAYS_SEARCH_USER_PATHS = NO;
				CLANG_ANALYZER_NONNULL = YES;
				CLANG_CXX_LANGUAGE_STANDARD = "gnu++0x";
				CLANG_CXX_LIBRARY = "libc++";
				CLANG_ENABLE_MODULES = YES;
				CLANG_ENABLE_OBJC_ARC = YES;
				CLANG_WARN_BOOL_CONVERSION = YES;
				CLANG_WARN_CONSTANT_CONVERSION = YES;
				CLANG_WARN_DIRECT_OBJC_ISA_USAGE = YES_ERROR;
				CLANG_WARN_DOCUMENTATION_COMMENTS = YES;
				CLANG_WARN_EMPTY_BODY = YES;
				CLANG_WARN_ENUM_CONVERSION = YES;
				CLANG_WARN_INFINITE_RECURSION = YES;
				CLANG_WARN_INT_CONVERSION = YES;
				CLANG_WARN_OBJC_ROOT_CLASS = YES_ERROR;
				CLANG_WARN_SUSPICIOUS_MOVE = YES;
				CLANG_WARN_UNREACHABLE_CODE = YES;
				CLANG_WARN__DUPLICATE_METHOD_MATCH = YES;
				"CODE_SIGN_IDENTITY[sdk=iphoneos*]" = "iPhone Developer";
				COPY_PHASE_STRIP = NO;
				DEBUG_INFORMATION_FORMAT = "dwarf-with-dsym";
				ENABLE_NS_ASSERTIONS = NO;
				ENABLE_STRICT_OBJC_MSGSEND = YES;
				GCC_C_LANGUAGE_STANDARD = gnu99;
				GCC_NO_COMMON_BLOCKS = YES;
				GCC_WARN_64_TO_32_BIT_CONVERSION = YES;
				GCC_WARN_ABOUT_RETURN_TYPE = YES_ERROR;
				GCC_WARN_UNDECLARED_SELECTOR = YES;
				GCC_WARN_UNINITIALIZED_AUTOS = YES_AGGRESSIVE;
				GCC_WARN_UNUSED_FUNCTION = YES;
				GCC_WARN_UNUSED_VARIABLE = YES;
				IPHONEOS_DEPLOYMENT_TARGET = 10.2;
				MTL_ENABLE_DEBUG_INFO = NO;
				SDKROOT = iphoneos;
				SWIFT_OPTIMIZATION_LEVEL = "-Owholemodule";
				TARGETED_DEVICE_FAMILY = "1,2";
				VALIDATE_PRODUCT = YES;
			};
			name = Release;
		};
		84240B191E73CD7500F84A74 /* Debug */ = {
			isa = XCBuildConfiguration;
			baseConfigurationReference = 2FDB97DD16F9149CC2B027E8 /* Pods-myTwitter.debug.xcconfig */;
			buildSettings = {
				ASSETCATALOG_COMPILER_APPICON_NAME = AppIcon;
				DEVELOPMENT_TEAM = JZUDW95R44;
				INFOPLIST_FILE = myTwitter/Info.plist;
				LD_RUNPATH_SEARCH_PATHS = "$(inherited) @executable_path/Frameworks";
				PRODUCT_BUNDLE_IDENTIFIER = anhtd.com.vn.myTwitter;
				PRODUCT_NAME = "$(TARGET_NAME)";
				SWIFT_VERSION = 3.0;
			};
			name = Debug;
		};
		84240B1A1E73CD7500F84A74 /* Release */ = {
			isa = XCBuildConfiguration;
			baseConfigurationReference = 643AF37F9328C84B0345D471 /* Pods-myTwitter.release.xcconfig */;
			buildSettings = {
				ASSETCATALOG_COMPILER_APPICON_NAME = AppIcon;
				DEVELOPMENT_TEAM = JZUDW95R44;
				INFOPLIST_FILE = myTwitter/Info.plist;
				LD_RUNPATH_SEARCH_PATHS = "$(inherited) @executable_path/Frameworks";
				PRODUCT_BUNDLE_IDENTIFIER = anhtd.com.vn.myTwitter;
				PRODUCT_NAME = "$(TARGET_NAME)";
				SWIFT_VERSION = 3.0;
			};
			name = Release;
		};
/* End XCBuildConfiguration section */

/* Begin XCConfigurationList section */
		84240B011E73CD7500F84A74 /* Build configuration list for PBXProject "myTwitter" */ = {
			isa = XCConfigurationList;
			buildConfigurations = (
				84240B161E73CD7500F84A74 /* Debug */,
				84240B171E73CD7500F84A74 /* Release */,
			);
			defaultConfigurationIsVisible = 0;
			defaultConfigurationName = Release;
		};
		84240B181E73CD7500F84A74 /* Build configuration list for PBXNativeTarget "myTwitter" */ = {
			isa = XCConfigurationList;
			buildConfigurations = (
				84240B191E73CD7500F84A74 /* Debug */,
				84240B1A1E73CD7500F84A74 /* Release */,
			);
			defaultConfigurationIsVisible = 0;
			defaultConfigurationName = Release;
		};
/* End XCConfigurationList section */
	};
	rootObject = 84240AFE1E73CD7500F84A74 /* Project object */;
}
